
Microsoft Visual Studio Solution File, Format Version 11.00
# Visual Studio 2010
Project("{FAE04EC0-301F-11D3-BF4B-00C04F79EFBC}") = "Assembly-CSharp", "Assembly-CSharp.csproj", "{b8a54285-1cf3-8748-223c-0868f5665ee7}"
EndProject
Project("{FAE04EC0-301F-11D3-BF4B-00C04F79EFBC}") = "Assembly-CSharp-Editor", "Assembly-CSharp-Editor.csproj", "{31c61e6d-4219-377e-ef4e-3122ae06c53f}"
EndProject
Global
	GlobalSection(SolutionConfigurationPlatforms) = preSolution
		Debug|Any CPU = Debug|Any CPU
	EndGlobalSection
	GlobalSection(ProjectConfigurationPlatforms) = postSolution
		{b8a54285-1cf3-8748-223c-0868f5665ee7}.Debug|Any CPU.ActiveCfg = Debug|Any CPU
		{b8a54285-1cf3-8748-223c-0868f5665ee7}.Debug|Any CPU.Build.0 = Debug|Any CPU
		{31c61e6d-4219-377e-ef4e-3122ae06c53f}.Debug|Any CPU.ActiveCfg = Debug|Any CPU
		{31c61e6d-4219-377e-ef4e-3122ae06c53f}.Debug|Any CPU.Build.0 = Debug|Any CPU
	EndGlobalSection
	GlobalSection(SolutionProperties) = preSolution
		HideSolutionNode = FALSE
	EndGlobalSection
EndGlobal
